
Microsoft Visual Studio Solution File, Format Version 12.00
# Visual Studio Version 17
VisualStudioVersion = 17.5.33516.290
MinimumVisualStudioVersion = 10.0.40219.1
Project("{FAE04EC0-301F-11D3-BF4B-00C04F79EFBC}") = "VtbCrud", "VtbCrud\VtbCrud.csproj", "{B01F7513-C131-4D5D-A131-488B435EB111}"
EndProject
Global
	GlobalSection(SolutionConfigurationPlatforms) = preSolution
		Debug|Any CPU = Debug|Any CPU
		Release|Any CPU = Release|Any CPU
	EndGlobalSection
	GlobalSection(ProjectConfigurationPlatforms) = postSolution
		{B01F7513-C131-4D5D-A131-488B435EB111}.Debug|Any CPU.ActiveCfg = Debug|Any CPU
		{B01F7513-C131-4D5D-A131-488B435EB111}.Debug|Any CPU.Build.0 = Debug|Any CPU
		{B01F7513-C131-4D5D-A131-488B435EB111}.Release|Any CPU.ActiveCfg = Release|Any CPU
		{B01F7513-C131-4D5D-A131-488B435EB111}.Release|Any CPU.Build.0 = Release|Any CPU
	EndGlobalSection
	GlobalSection(SolutionProperties) = preSolution
		HideSolutionNode = FALSE
	EndGlobalSection
	GlobalSection(ExtensibilityGlobals) = postSolution
		SolutionGuid = {F69A5B70-F2C0-4C09-A31A-5C0E942750AB}
	EndGlobalSection
EndGlobal
